
Microsoft Visual Studio Solution File, Format Version 12.00
# Visual Studio 15
Project("{FAE04EC0-301F-11D3-BF4B-00C04F79EFBC}") = "Zenject", "Zenject.csproj", "{375F765E-729B-60B0-42C3-4E687CC2CD75}"
EndProject
Project("{FAE04EC0-301F-11D3-BF4B-00C04F79EFBC}") = "Zenject-PoolMonitor-Editor", "Zenject-PoolMonitor-Editor.csproj", "{D9721F65-0EB1-DA79-0415-A9740B39B9A3}"
EndProject
Project("{FAE04EC0-301F-11D3-BF4B-00C04F79EFBC}") = "Zenject-ReflectionBaking-Editor", "Zenject-ReflectionBaking-Editor.csproj", "{496AB63B-DF17-FDF0-7EAF-F4F86B60149B}"
EndProject
Project("{FAE04EC0-301F-11D3-BF4B-00C04F79EFBC}") = "Zenject-Editor", "Zenject-Editor.csproj", "{24D6F2CF-9882-A429-9BE8-1006E67B9D82}"
EndProject
Project("{FAE04EC0-301F-11D3-BF4B-00C04F79EFBC}") = "Zenject-TestFramework", "Zenject-TestFramework.csproj", "{97EC1FF3-057D-E18B-6E9B-AE899F401D2A}"
EndProject
Global
	GlobalSection(SolutionConfigurationPlatforms) = preSolution
		Debug|Any CPU = Debug|Any CPU
		Release|Any CPU = Release|Any CPU
	EndGlobalSection
	GlobalSection(ProjectConfigurationPlatforms) = postSolution
		{375F765E-729B-60B0-42C3-4E687CC2CD75}.Debug|Any CPU.ActiveCfg = Debug|Any CPU
		{375F765E-729B-60B0-42C3-4E687CC2CD75}.Debug|Any CPU.Build.0 = Debug|Any CPU
		{375F765E-729B-60B0-42C3-4E687CC2CD75}.Release|Any CPU.ActiveCfg = Release|Any CPU
		{375F765E-729B-60B0-42C3-4E687CC2CD75}.Release|Any CPU.Build.0 = Release|Any CPU
		{D9721F65-0EB1-DA79-0415-A9740B39B9A3}.Debug|Any CPU.ActiveCfg = Debug|Any CPU
		{D9721F65-0EB1-DA79-0415-A9740B39B9A3}.Debug|Any CPU.Build.0 = Debug|Any CPU
		{D9721F65-0EB1-DA79-0415-A9740B39B9A3}.Release|Any CPU.ActiveCfg = Release|Any CPU
		{D9721F65-0EB1-DA79-0415-A9740B39B9A3}.Release|Any CPU.Build.0 = Release|Any CPU
		{496AB63B-DF17-FDF0-7EAF-F4F86B60149B}.Debug|Any CPU.ActiveCfg = Debug|Any CPU
		{496AB63B-DF17-FDF0-7EAF-F4F86B60149B}.Debug|Any CPU.Build.0 = Debug|Any CPU
		{496AB63B-DF17-FDF0-7EAF-F4F86B60149B}.Release|Any CPU.ActiveCfg = Release|Any CPU
		{496AB63B-DF17-FDF0-7EAF-F4F86B60149B}.Release|Any CPU.Build.0 = Release|Any CPU
		{24D6F2CF-9882-A429-9BE8-1006E67B9D82}.Debug|Any CPU.ActiveCfg = Debug|Any CPU
		{24D6F2CF-9882-A429-9BE8-1006E67B9D82}.Debug|Any CPU.Build.0 = Debug|Any CPU
		{24D6F2CF-9882-A429-9BE8-1006E67B9D82}.Release|Any CPU.ActiveCfg = Release|Any CPU
		{24D6F2CF-9882-A429-9BE8-1006E67B9D82}.Release|Any CPU.Build.0 = Release|Any CPU
		{97EC1FF3-057D-E18B-6E9B-AE899F401D2A}.Debug|Any CPU.ActiveCfg = Debug|Any CPU
		{97EC1FF3-057D-E18B-6E9B-AE899F401D2A}.Debug|Any CPU.Build.0 = Debug|Any CPU
		{97EC1FF3-057D-E18B-6E9B-AE899F401D2A}.Release|Any CPU.ActiveCfg = Release|Any CPU
		{97EC1FF3-057D-E18B-6E9B-AE899F401D2A}.Release|Any CPU.Build.0 = Release|Any CPU
	EndGlobalSection
	GlobalSection(SolutionProperties) = preSolution
		HideSolutionNode = FALSE
	EndGlobalSection
EndGlobal
